
Microsoft Visual Studio Solution File, Format Version 12.00
# Visual Studio Version 16
VisualStudioVersion = 16.0.32228.343
MinimumVisualStudioVersion = 10.0.40219.1
Project("{FAE04EC0-301F-11D3-BF4B-00C04F79EFBC}") = "Academia", "Academia.csproj", "{3E2C3B71-9374-425F-8D2A-6DC728FEC5D2}"
EndProject
Global
	GlobalSection(SolutionConfigurationPlatforms) = preSolution
		Debug|Any CPU = Debug|Any CPU
		Release|Any CPU = Release|Any CPU
	EndGlobalSection
	GlobalSection(ProjectConfigurationPlatforms) = postSolution
		{3E2C3B71-9374-425F-8D2A-6DC728FEC5D2}.Debug|Any CPU.ActiveCfg = Debug|Any CPU
		{3E2C3B71-9374-425F-8D2A-6DC728FEC5D2}.Debug|Any CPU.Build.0 = Debug|Any CPU
		{3E2C3B71-9374-425F-8D2A-6DC728FEC5D2}.Release|Any CPU.ActiveCfg = Release|Any CPU
		{3E2C3B71-9374-425F-8D2A-6DC728FEC5D2}.Release|Any CPU.Build.0 = Release|Any CPU
	EndGlobalSection
	GlobalSection(SolutionProperties) = preSolution
		HideSolutionNode = FALSE
	EndGlobalSection
	GlobalSection(ExtensibilityGlobals) = postSolution
		SolutionGuid = {C618385B-B1D8-4116-9121-57FECDC99CE4}
	EndGlobalSection
EndGlobal
