
Microsoft Visual Studio Solution File, Format Version 12.00
# Visual Studio Version 16
VisualStudioVersion = 16.0.32228.343
MinimumVisualStudioVersion = 10.0.40219.1
Project("{FAE04EC0-301F-11D3-BF4B-00C04F79EFBC}") = "Ejercicio5", "Ejercicio5\Ejercicio5.csproj", "{AE78180F-D836-46E9-94EB-A016ADAC638D}"
EndProject
Global
	GlobalSection(SolutionConfigurationPlatforms) = preSolution
		Debug|Any CPU = Debug|Any CPU
		Release|Any CPU = Release|Any CPU
	EndGlobalSection
	GlobalSection(ProjectConfigurationPlatforms) = postSolution
		{AE78180F-D836-46E9-94EB-A016ADAC638D}.Debug|Any CPU.ActiveCfg = Debug|Any CPU
		{AE78180F-D836-46E9-94EB-A016ADAC638D}.Debug|Any CPU.Build.0 = Debug|Any CPU
		{AE78180F-D836-46E9-94EB-A016ADAC638D}.Release|Any CPU.ActiveCfg = Release|Any CPU
		{AE78180F-D836-46E9-94EB-A016ADAC638D}.Release|Any CPU.Build.0 = Release|Any CPU
	EndGlobalSection
	GlobalSection(SolutionProperties) = preSolution
		HideSolutionNode = FALSE
	EndGlobalSection
	GlobalSection(ExtensibilityGlobals) = postSolution
		SolutionGuid = {B1C181AB-568C-42F5-B392-FEC21BE8F849}
	EndGlobalSection
EndGlobal
