
Microsoft Visual Studio Solution File, Format Version 12.00
# Visual Studio Version 16
VisualStudioVersion = 16.0.32228.343
MinimumVisualStudioVersion = 10.0.40219.1
Project("{FAE04EC0-301F-11D3-BF4B-00C04F79EFBC}") = "Ejercicio4", "Ejercicio4\Ejercicio4.csproj", "{44B6F53C-F470-450E-897F-A6B8D3E85D4F}"
EndProject
Global
	GlobalSection(SolutionConfigurationPlatforms) = preSolution
		Debug|Any CPU = Debug|Any CPU
		Release|Any CPU = Release|Any CPU
	EndGlobalSection
	GlobalSection(ProjectConfigurationPlatforms) = postSolution
		{44B6F53C-F470-450E-897F-A6B8D3E85D4F}.Debug|Any CPU.ActiveCfg = Debug|Any CPU
		{44B6F53C-F470-450E-897F-A6B8D3E85D4F}.Debug|Any CPU.Build.0 = Debug|Any CPU
		{44B6F53C-F470-450E-897F-A6B8D3E85D4F}.Release|Any CPU.ActiveCfg = Release|Any CPU
		{44B6F53C-F470-450E-897F-A6B8D3E85D4F}.Release|Any CPU.Build.0 = Release|Any CPU
	EndGlobalSection
	GlobalSection(SolutionProperties) = preSolution
		HideSolutionNode = FALSE
	EndGlobalSection
	GlobalSection(ExtensibilityGlobals) = postSolution
		SolutionGuid = {C8F48148-0B6F-4E55-8560-20594B14BCAB}
	EndGlobalSection
EndGlobal
