
Microsoft Visual Studio Solution File, Format Version 12.00
# Visual Studio Version 16
VisualStudioVersion = 16.0.32228.343
MinimumVisualStudioVersion = 10.0.40219.1
Project("{FAE04EC0-301F-11D3-BF4B-00C04F79EFBC}") = "Ej5", "Ej5.csproj", "{78ABCB0D-0619-4F7A-B27D-969EC207B365}"
EndProject
Project("{FAE04EC0-301F-11D3-BF4B-00C04F79EFBC}") = "Clases", "..\Juego\Clases.csproj", "{B7E32A17-F27B-49D0-BEEA-DE9426FDF763}"
EndProject
Global
	GlobalSection(SolutionConfigurationPlatforms) = preSolution
		Debug|Any CPU = Debug|Any CPU
		Release|Any CPU = Release|Any CPU
	EndGlobalSection
	GlobalSection(ProjectConfigurationPlatforms) = postSolution
		{78ABCB0D-0619-4F7A-B27D-969EC207B365}.Debug|Any CPU.ActiveCfg = Debug|Any CPU
		{78ABCB0D-0619-4F7A-B27D-969EC207B365}.Debug|Any CPU.Build.0 = Debug|Any CPU
		{78ABCB0D-0619-4F7A-B27D-969EC207B365}.Release|Any CPU.ActiveCfg = Release|Any CPU
		{78ABCB0D-0619-4F7A-B27D-969EC207B365}.Release|Any CPU.Build.0 = Release|Any CPU
		{B7E32A17-F27B-49D0-BEEA-DE9426FDF763}.Debug|Any CPU.ActiveCfg = Debug|Any CPU
		{B7E32A17-F27B-49D0-BEEA-DE9426FDF763}.Debug|Any CPU.Build.0 = Debug|Any CPU
		{B7E32A17-F27B-49D0-BEEA-DE9426FDF763}.Release|Any CPU.ActiveCfg = Release|Any CPU
		{B7E32A17-F27B-49D0-BEEA-DE9426FDF763}.Release|Any CPU.Build.0 = Release|Any CPU
	EndGlobalSection
	GlobalSection(SolutionProperties) = preSolution
		HideSolutionNode = FALSE
	EndGlobalSection
	GlobalSection(ExtensibilityGlobals) = postSolution
		SolutionGuid = {05A6D5D1-0B89-4C6B-828C-7419B69AE031}
	EndGlobalSection
EndGlobal
