
Microsoft Visual Studio Solution File, Format Version 12.00
# Visual Studio Version 16
VisualStudioVersion = 16.0.32106.194
MinimumVisualStudioVersion = 10.0.40219.1
Project("{FAE04EC0-301F-11D3-BF4B-00C04F79EFBC}") = "LabSintaxis3", "LabSintaxis3.csproj", "{31B25272-42C8-4C6C-9096-315EE65434B9}"
EndProject
Global
	GlobalSection(SolutionConfigurationPlatforms) = preSolution
		Debug|Any CPU = Debug|Any CPU
		Release|Any CPU = Release|Any CPU
	EndGlobalSection
	GlobalSection(ProjectConfigurationPlatforms) = postSolution
		{31B25272-42C8-4C6C-9096-315EE65434B9}.Debug|Any CPU.ActiveCfg = Debug|Any CPU
		{31B25272-42C8-4C6C-9096-315EE65434B9}.Debug|Any CPU.Build.0 = Debug|Any CPU
		{31B25272-42C8-4C6C-9096-315EE65434B9}.Release|Any CPU.ActiveCfg = Release|Any CPU
		{31B25272-42C8-4C6C-9096-315EE65434B9}.Release|Any CPU.Build.0 = Release|Any CPU
	EndGlobalSection
	GlobalSection(SolutionProperties) = preSolution
		HideSolutionNode = FALSE
	EndGlobalSection
	GlobalSection(ExtensibilityGlobals) = postSolution
		SolutionGuid = {6356B5D2-9203-48F4-BFCE-964747A27439}
	EndGlobalSection
EndGlobal
