
Microsoft Visual Studio Solution File, Format Version 12.00
# Visual Studio Version 16
VisualStudioVersion = 16.0.32106.194
MinimumVisualStudioVersion = 10.0.40219.1
Project("{FAE04EC0-301F-11D3-BF4B-00C04F79EFBC}") = "LabClases2", "LabClases2.csproj", "{4D09A5A4-2E59-4C4F-9BE0-32579A7335E0}"
EndProject
Project("{FAE04EC0-301F-11D3-BF4B-00C04F79EFBC}") = "Clases", "..\Clases\Clases.csproj", "{534BF029-EEBA-46AD-97C5-B68599A8256F}"
EndProject
Global
	GlobalSection(SolutionConfigurationPlatforms) = preSolution
		Debug|Any CPU = Debug|Any CPU
		Release|Any CPU = Release|Any CPU
	EndGlobalSection
	GlobalSection(ProjectConfigurationPlatforms) = postSolution
		{4D09A5A4-2E59-4C4F-9BE0-32579A7335E0}.Debug|Any CPU.ActiveCfg = Debug|Any CPU
		{4D09A5A4-2E59-4C4F-9BE0-32579A7335E0}.Debug|Any CPU.Build.0 = Debug|Any CPU
		{4D09A5A4-2E59-4C4F-9BE0-32579A7335E0}.Release|Any CPU.ActiveCfg = Release|Any CPU
		{4D09A5A4-2E59-4C4F-9BE0-32579A7335E0}.Release|Any CPU.Build.0 = Release|Any CPU
		{534BF029-EEBA-46AD-97C5-B68599A8256F}.Debug|Any CPU.ActiveCfg = Debug|Any CPU
		{534BF029-EEBA-46AD-97C5-B68599A8256F}.Debug|Any CPU.Build.0 = Debug|Any CPU
		{534BF029-EEBA-46AD-97C5-B68599A8256F}.Release|Any CPU.ActiveCfg = Release|Any CPU
		{534BF029-EEBA-46AD-97C5-B68599A8256F}.Release|Any CPU.Build.0 = Release|Any CPU
	EndGlobalSection
	GlobalSection(SolutionProperties) = preSolution
		HideSolutionNode = FALSE
	EndGlobalSection
	GlobalSection(ExtensibilityGlobals) = postSolution
		SolutionGuid = {5AA744D0-D92A-44A9-84A0-1CC4370C50B9}
	EndGlobalSection
EndGlobal
