
Microsoft Visual Studio Solution File, Format Version 12.00
# Visual Studio Version 16
VisualStudioVersion = 16.0.32228.343
MinimumVisualStudioVersion = 10.0.40219.1
Project("{FAE04EC0-301F-11D3-BF4B-00C04F79EFBC}") = "LabSintaxis4", "LabSintaxis4.csproj", "{918862C9-C8E0-45B9-8DC3-F827A64C076D}"
EndProject
Global
	GlobalSection(SolutionConfigurationPlatforms) = preSolution
		Debug|Any CPU = Debug|Any CPU
		Release|Any CPU = Release|Any CPU
	EndGlobalSection
	GlobalSection(ProjectConfigurationPlatforms) = postSolution
		{918862C9-C8E0-45B9-8DC3-F827A64C076D}.Debug|Any CPU.ActiveCfg = Debug|Any CPU
		{918862C9-C8E0-45B9-8DC3-F827A64C076D}.Debug|Any CPU.Build.0 = Debug|Any CPU
		{918862C9-C8E0-45B9-8DC3-F827A64C076D}.Release|Any CPU.ActiveCfg = Release|Any CPU
		{918862C9-C8E0-45B9-8DC3-F827A64C076D}.Release|Any CPU.Build.0 = Release|Any CPU
	EndGlobalSection
	GlobalSection(SolutionProperties) = preSolution
		HideSolutionNode = FALSE
	EndGlobalSection
	GlobalSection(ExtensibilityGlobals) = postSolution
		SolutionGuid = {1C2C5C0A-CAE9-49EC-A649-6C817438DB97}
	EndGlobalSection
EndGlobal
