
Microsoft Visual Studio Solution File, Format Version 12.00
# Visual Studio Version 16
VisualStudioVersion = 16.0.32106.194
MinimumVisualStudioVersion = 10.0.40219.1
Project("{FAE04EC0-301F-11D3-BF4B-00C04F79EFBC}") = "UI.Desktop", "UI.Desktop.csproj", "{B977C3EA-EB61-4206-97D5-AE11BB0DD791}"
EndProject
Global
	GlobalSection(SolutionConfigurationPlatforms) = preSolution
		Debug|Any CPU = Debug|Any CPU
		Release|Any CPU = Release|Any CPU
	EndGlobalSection
	GlobalSection(ProjectConfigurationPlatforms) = postSolution
		{B977C3EA-EB61-4206-97D5-AE11BB0DD791}.Debug|Any CPU.ActiveCfg = Debug|Any CPU
		{B977C3EA-EB61-4206-97D5-AE11BB0DD791}.Debug|Any CPU.Build.0 = Debug|Any CPU
		{B977C3EA-EB61-4206-97D5-AE11BB0DD791}.Release|Any CPU.ActiveCfg = Release|Any CPU
		{B977C3EA-EB61-4206-97D5-AE11BB0DD791}.Release|Any CPU.Build.0 = Release|Any CPU
	EndGlobalSection
	GlobalSection(SolutionProperties) = preSolution
		HideSolutionNode = FALSE
	EndGlobalSection
	GlobalSection(ExtensibilityGlobals) = postSolution
		SolutionGuid = {F5798E6A-CA88-42EF-B0CC-A9B9996B24B5}
	EndGlobalSection
EndGlobal
