
Microsoft Visual Studio Solution File, Format Version 12.00
# Visual Studio Version 16
VisualStudioVersion = 16.0.32228.343
MinimumVisualStudioVersion = 10.0.40219.1
Project("{FAE04EC0-301F-11D3-BF4B-00C04F79EFBC}") = "Academia", "Academia\Academia.csproj", "{BBFBC55E-0E0F-4B50-B149-5C49FAE55C15}"
EndProject
Global
	GlobalSection(SolutionConfigurationPlatforms) = preSolution
		Debug|Any CPU = Debug|Any CPU
		Release|Any CPU = Release|Any CPU
	EndGlobalSection
	GlobalSection(ProjectConfigurationPlatforms) = postSolution
		{BBFBC55E-0E0F-4B50-B149-5C49FAE55C15}.Debug|Any CPU.ActiveCfg = Debug|Any CPU
		{BBFBC55E-0E0F-4B50-B149-5C49FAE55C15}.Debug|Any CPU.Build.0 = Debug|Any CPU
		{BBFBC55E-0E0F-4B50-B149-5C49FAE55C15}.Release|Any CPU.ActiveCfg = Release|Any CPU
		{BBFBC55E-0E0F-4B50-B149-5C49FAE55C15}.Release|Any CPU.Build.0 = Release|Any CPU
	EndGlobalSection
	GlobalSection(SolutionProperties) = preSolution
		HideSolutionNode = FALSE
	EndGlobalSection
	GlobalSection(ExtensibilityGlobals) = postSolution
		SolutionGuid = {DD44C756-1B29-4ED2-99E5-1A96D9DC142B}
	EndGlobalSection
EndGlobal
