
Microsoft Visual Studio Solution File, Format Version 12.00
# Visual Studio Version 16
VisualStudioVersion = 16.0.32228.343
MinimumVisualStudioVersion = 10.0.40219.1
Project("{FAE04EC0-301F-11D3-BF4B-00C04F79EFBC}") = "LabClases1", "LabClases1.csproj", "{B688FCB8-2B1B-42DF-B8F4-F0E35DE26DDF}"
EndProject
Project("{FAE04EC0-301F-11D3-BF4B-00C04F79EFBC}") = "Clases", "..\ClassLibrary1\Clases.csproj", "{C02AB967-90AD-4546-97AA-8E41B6EABDF6}"
EndProject
Global
	GlobalSection(SolutionConfigurationPlatforms) = preSolution
		Debug|Any CPU = Debug|Any CPU
		Release|Any CPU = Release|Any CPU
	EndGlobalSection
	GlobalSection(ProjectConfigurationPlatforms) = postSolution
		{B688FCB8-2B1B-42DF-B8F4-F0E35DE26DDF}.Debug|Any CPU.ActiveCfg = Debug|Any CPU
		{B688FCB8-2B1B-42DF-B8F4-F0E35DE26DDF}.Debug|Any CPU.Build.0 = Debug|Any CPU
		{B688FCB8-2B1B-42DF-B8F4-F0E35DE26DDF}.Release|Any CPU.ActiveCfg = Release|Any CPU
		{B688FCB8-2B1B-42DF-B8F4-F0E35DE26DDF}.Release|Any CPU.Build.0 = Release|Any CPU
		{C02AB967-90AD-4546-97AA-8E41B6EABDF6}.Debug|Any CPU.ActiveCfg = Debug|Any CPU
		{C02AB967-90AD-4546-97AA-8E41B6EABDF6}.Debug|Any CPU.Build.0 = Debug|Any CPU
		{C02AB967-90AD-4546-97AA-8E41B6EABDF6}.Release|Any CPU.ActiveCfg = Release|Any CPU
		{C02AB967-90AD-4546-97AA-8E41B6EABDF6}.Release|Any CPU.Build.0 = Release|Any CPU
	EndGlobalSection
	GlobalSection(SolutionProperties) = preSolution
		HideSolutionNode = FALSE
	EndGlobalSection
	GlobalSection(ExtensibilityGlobals) = postSolution
		SolutionGuid = {B7B7F66F-51D8-4CAE-86BC-9F3BC909AC62}
	EndGlobalSection
EndGlobal
